
Microsoft Visual Studio Solution File, Format Version 12.00
# Visual Studio Version 17
VisualStudioVersion = 17.0.31903.59
MinimumVisualStudioVersion = 10.0.40219.1
Project("{FAE04EC0-301F-11D3-BF4B-00C04F79EFBC}") = "MagicalDeckbuilder.Shared", "MagicalDeckbuilder.Shared\MagicalDeckbuilder.Shared.csproj", "{BFAF8F9F-AAD9-40CA-89B5-2758DB0214BA}"
EndProject
Project("{FAE04EC0-301F-11D3-BF4B-00C04F79EFBC}") = "NewGame.UI", "NewGame.UI\NewGame.UI.csproj", "{1A3D9B55-68F7-47B3-B891-34C1517F927B}"
EndProject
Global
	GlobalSection(SolutionConfigurationPlatforms) = preSolution
		Debug|Any CPU = Debug|Any CPU
		Debug|x64 = Debug|x64
		Debug|x86 = Debug|x86
		Release|Any CPU = Release|Any CPU
		Release|x64 = Release|x64
		Release|x86 = Release|x86
	EndGlobalSection
	GlobalSection(ProjectConfigurationPlatforms) = postSolution
		{BFAF8F9F-AAD9-40CA-89B5-2758DB0214BA}.Debug|Any CPU.ActiveCfg = Debug|Any CPU
		{BFAF8F9F-AAD9-40CA-89B5-2758DB0214BA}.Debug|Any CPU.Build.0 = Debug|Any CPU
		{BFAF8F9F-AAD9-40CA-89B5-2758DB0214BA}.Debug|x64.ActiveCfg = Debug|Any CPU
		{BFAF8F9F-AAD9-40CA-89B5-2758DB0214BA}.Debug|x64.Build.0 = Debug|Any CPU
		{BFAF8F9F-AAD9-40CA-89B5-2758DB0214BA}.Debug|x86.ActiveCfg = Debug|Any CPU
		{BFAF8F9F-AAD9-40CA-89B5-2758DB0214BA}.Debug|x86.Build.0 = Debug|Any CPU
		{BFAF8F9F-AAD9-40CA-89B5-2758DB0214BA}.Release|Any CPU.ActiveCfg = Release|Any CPU
		{BFAF8F9F-AAD9-40CA-89B5-2758DB0214BA}.Release|Any CPU.Build.0 = Release|Any CPU
		{BFAF8F9F-AAD9-40CA-89B5-2758DB0214BA}.Release|x64.ActiveCfg = Release|Any CPU
		{BFAF8F9F-AAD9-40CA-89B5-2758DB0214BA}.Release|x64.Build.0 = Release|Any CPU
		{BFAF8F9F-AAD9-40CA-89B5-2758DB0214BA}.Release|x86.ActiveCfg = Release|Any CPU
		{BFAF8F9F-AAD9-40CA-89B5-2758DB0214BA}.Release|x86.Build.0 = Release|Any CPU
		{1A3D9B55-68F7-47B3-B891-34C1517F927B}.Debug|Any CPU.ActiveCfg = Debug|Any CPU
		{1A3D9B55-68F7-47B3-B891-34C1517F927B}.Debug|Any CPU.Build.0 = Debug|Any CPU
		{1A3D9B55-68F7-47B3-B891-34C1517F927B}.Debug|x64.ActiveCfg = Debug|Any CPU
		{1A3D9B55-68F7-47B3-B891-34C1517F927B}.Debug|x64.Build.0 = Debug|Any CPU
		{1A3D9B55-68F7-47B3-B891-34C1517F927B}.Debug|x86.ActiveCfg = Debug|Any CPU
		{1A3D9B55-68F7-47B3-B891-34C1517F927B}.Debug|x86.Build.0 = Debug|Any CPU
		{1A3D9B55-68F7-47B3-B891-34C1517F927B}.Release|Any CPU.ActiveCfg = Release|Any CPU
		{1A3D9B55-68F7-47B3-B891-34C1517F927B}.Release|Any CPU.Build.0 = Release|Any CPU
		{1A3D9B55-68F7-47B3-B891-34C1517F927B}.Release|x64.ActiveCfg = Release|Any CPU
		{1A3D9B55-68F7-47B3-B891-34C1517F927B}.Release|x64.Build.0 = Release|Any CPU
		{1A3D9B55-68F7-47B3-B891-34C1517F927B}.Release|x86.ActiveCfg = Release|Any CPU
		{1A3D9B55-68F7-47B3-B891-34C1517F927B}.Release|x86.Build.0 = Release|Any CPU
	EndGlobalSection
	GlobalSection(SolutionProperties) = preSolution
		HideSolutionNode = FALSE
	EndGlobalSection
EndGlobal
